# This file is automatically @generated by Cargo.
# It is not intended for manual editing.
version = 4

[[package]]
name = "connate"
version = "2.0.0-beta.1"
dependencies = [
 "itoa",
 "syscalls",
]

[[package]]
name = "itoa"
version = "1.0.15"
source = "registry+https://github.com/rust-lang/crates.io-index"
checksum = "4a5f13b858c8d314ee3e8f639011f7ccefe71f97f96e50151fb991f267928e2c"

[[package]]
name = "syscalls"
version = "0.7.0"
source = "registry+https://github.com/rust-lang/crates.io-index"
checksum = "90db46b5b4962319605d435986c775ea45a0ad2561c09e1d5372b89afeb49cf4"
